
Microsoft Visual Studio Solution File, Format Version 12.00
# Visual Studio 15
VisualStudioVersion = 15.0.28307.136
MinimumVisualStudioVersion = 10.0.40219.1
Project("{FAE04EC0-301F-11D3-BF4B-00C04F79EFBC}") = "Polynomial_Functions", "Polynomial_Functions\Polynomial_Functions.csproj", "{0FE70B85-D7CD-489D-8AAA-40B4E1FD15A7}"
EndProject
Global
	GlobalSection(SolutionConfigurationPlatforms) = preSolution
		Debug|Any CPU = Debug|Any CPU
		Release|Any CPU = Release|Any CPU
	EndGlobalSection
	GlobalSection(ProjectConfigurationPlatforms) = postSolution
		{0FE70B85-D7CD-489D-8AAA-40B4E1FD15A7}.Debug|Any CPU.ActiveCfg = Debug|Any CPU
		{0FE70B85-D7CD-489D-8AAA-40B4E1FD15A7}.Debug|Any CPU.Build.0 = Debug|Any CPU
		{0FE70B85-D7CD-489D-8AAA-40B4E1FD15A7}.Release|Any CPU.ActiveCfg = Release|Any CPU
		{0FE70B85-D7CD-489D-8AAA-40B4E1FD15A7}.Release|Any CPU.Build.0 = Release|Any CPU
	EndGlobalSection
	GlobalSection(SolutionProperties) = preSolution
		HideSolutionNode = FALSE
	EndGlobalSection
	GlobalSection(ExtensibilityGlobals) = postSolution
		SolutionGuid = {CEB36017-314D-44F6-A58E-5A5669B6EBDD}
	EndGlobalSection
EndGlobal
